
Microsoft Visual Studio Solution File, Format Version 12.00
# Visual Studio Version 16
VisualStudioVersion = 16.0.810.6
MinimumVisualStudioVersion = 10.0.40219.1
Project("{FAE04EC0-301F-11D3-BF4B-00C04F79EFBC}") = "StudyBuddy.App.Android", "StudyBuddy.App.Android\StudyBuddy.App.Android.csproj", "{24B53796-6B2D-4EA4-AA01-67AACE5FF894}"
EndProject
Project("{FAE04EC0-301F-11D3-BF4B-00C04F79EFBC}") = "StudyBuddy.App.iOS", "StudyBuddy.App.iOS\StudyBuddy.App.iOS.csproj", "{EFCF5052-1DCF-4D19-8544-7C57C468353D}"
EndProject
Project("{9A19103F-16F7-4668-BE54-9A1E7A4F7556}") = "StudyBuddy.App", "StudyBuddy.App\StudyBuddy.App.csproj", "{394F1131-79C6-4F7C-9DFB-6BEEE4AF3733}"
EndProject
Project("{9A19103F-16F7-4668-BE54-9A1E7A4F7556}") = "StudyBuddy.Model", "StudyBuddy.Model\StudyBuddy.Model.csproj", "{AA0D0CB8-7AF6-4AF5-9CB9-E02CEC1F7D58}"
EndProject
Project("{9A19103F-16F7-4668-BE54-9A1E7A4F7556}") = "StudyBuddy.ApiFacade", "StudyBuddy.ApiFacade\StudyBuddy.ApiFacade.csproj", "{A5F638FA-18D0-4C51-B40A-EE1BA53051DD}"
EndProject
Project("{FAE04EC0-301F-11D3-BF4B-00C04F79EFBC}") = "StudyBuddy.Api", "StudyBuddy.Api\StudyBuddy.Api.csproj", "{AEFBA758-829E-4F31-9C47-5A1CF23CC3C7}"
EndProject
Global
	GlobalSection(SolutionConfigurationPlatforms) = preSolution
		Debug|Any CPU = Debug|Any CPU
		Debug|iPhone = Debug|iPhone
		Debug|iPhoneSimulator = Debug|iPhoneSimulator
		Release|Any CPU = Release|Any CPU
		Release|iPhone = Release|iPhone
		Release|iPhoneSimulator = Release|iPhoneSimulator
	EndGlobalSection
	GlobalSection(ProjectConfigurationPlatforms) = postSolution
		{24B53796-6B2D-4EA4-AA01-67AACE5FF894}.Debug|Any CPU.ActiveCfg = Debug|Any CPU
		{24B53796-6B2D-4EA4-AA01-67AACE5FF894}.Debug|Any CPU.Build.0 = Debug|Any CPU
		{24B53796-6B2D-4EA4-AA01-67AACE5FF894}.Debug|Any CPU.Deploy.0 = Debug|Any CPU
		{24B53796-6B2D-4EA4-AA01-67AACE5FF894}.Debug|iPhone.ActiveCfg = Debug|Any CPU
		{24B53796-6B2D-4EA4-AA01-67AACE5FF894}.Debug|iPhone.Build.0 = Debug|Any CPU
		{24B53796-6B2D-4EA4-AA01-67AACE5FF894}.Debug|iPhoneSimulator.ActiveCfg = Debug|Any CPU
		{24B53796-6B2D-4EA4-AA01-67AACE5FF894}.Debug|iPhoneSimulator.Build.0 = Debug|Any CPU
		{24B53796-6B2D-4EA4-AA01-67AACE5FF894}.Release|Any CPU.ActiveCfg = Release|Any CPU
		{24B53796-6B2D-4EA4-AA01-67AACE5FF894}.Release|Any CPU.Build.0 = Release|Any CPU
		{24B53796-6B2D-4EA4-AA01-67AACE5FF894}.Release|iPhone.ActiveCfg = Release|Any CPU
		{24B53796-6B2D-4EA4-AA01-67AACE5FF894}.Release|iPhone.Build.0 = Release|Any CPU
		{24B53796-6B2D-4EA4-AA01-67AACE5FF894}.Release|iPhoneSimulator.ActiveCfg = Release|Any CPU
		{24B53796-6B2D-4EA4-AA01-67AACE5FF894}.Release|iPhoneSimulator.Build.0 = Release|Any CPU
		{EFCF5052-1DCF-4D19-8544-7C57C468353D}.Debug|Any CPU.ActiveCfg = Debug|iPhoneSimulator
		{EFCF5052-1DCF-4D19-8544-7C57C468353D}.Debug|Any CPU.Build.0 = Debug|iPhoneSimulator
		{EFCF5052-1DCF-4D19-8544-7C57C468353D}.Debug|iPhone.ActiveCfg = Debug|iPhone
		{EFCF5052-1DCF-4D19-8544-7C57C468353D}.Debug|iPhone.Build.0 = Debug|iPhone
		{EFCF5052-1DCF-4D19-8544-7C57C468353D}.Debug|iPhoneSimulator.ActiveCfg = Debug|iPhoneSimulator
		{EFCF5052-1DCF-4D19-8544-7C57C468353D}.Debug|iPhoneSimulator.Build.0 = Debug|iPhoneSimulator
		{EFCF5052-1DCF-4D19-8544-7C57C468353D}.Release|Any CPU.ActiveCfg = Release|iPhoneSimulator
		{EFCF5052-1DCF-4D19-8544-7C57C468353D}.Release|Any CPU.Build.0 = Release|iPhoneSimulator
		{EFCF5052-1DCF-4D19-8544-7C57C468353D}.Release|iPhone.ActiveCfg = Release|iPhone
		{EFCF5052-1DCF-4D19-8544-7C57C468353D}.Release|iPhone.Build.0 = Release|iPhone
		{EFCF5052-1DCF-4D19-8544-7C57C468353D}.Release|iPhoneSimulator.ActiveCfg = Release|iPhoneSimulator
		{EFCF5052-1DCF-4D19-8544-7C57C468353D}.Release|iPhoneSimulator.Build.0 = Release|iPhoneSimulator
		{394F1131-79C6-4F7C-9DFB-6BEEE4AF3733}.Debug|Any CPU.ActiveCfg = Debug|Any CPU
		{394F1131-79C6-4F7C-9DFB-6BEEE4AF3733}.Debug|Any CPU.Build.0 = Debug|Any CPU
		{394F1131-79C6-4F7C-9DFB-6BEEE4AF3733}.Debug|iPhone.ActiveCfg = Debug|Any CPU
		{394F1131-79C6-4F7C-9DFB-6BEEE4AF3733}.Debug|iPhone.Build.0 = Debug|Any CPU
		{394F1131-79C6-4F7C-9DFB-6BEEE4AF3733}.Debug|iPhoneSimulator.ActiveCfg = Debug|Any CPU
		{394F1131-79C6-4F7C-9DFB-6BEEE4AF3733}.Debug|iPhoneSimulator.Build.0 = Debug|Any CPU
		{394F1131-79C6-4F7C-9DFB-6BEEE4AF3733}.Release|Any CPU.ActiveCfg = Release|Any CPU
		{394F1131-79C6-4F7C-9DFB-6BEEE4AF3733}.Release|Any CPU.Build.0 = Release|Any CPU
		{394F1131-79C6-4F7C-9DFB-6BEEE4AF3733}.Release|iPhone.ActiveCfg = Release|Any CPU
		{394F1131-79C6-4F7C-9DFB-6BEEE4AF3733}.Release|iPhone.Build.0 = Release|Any CPU
		{394F1131-79C6-4F7C-9DFB-6BEEE4AF3733}.Release|iPhoneSimulator.ActiveCfg = Release|Any CPU
		{394F1131-79C6-4F7C-9DFB-6BEEE4AF3733}.Release|iPhoneSimulator.Build.0 = Release|Any CPU
		{AA0D0CB8-7AF6-4AF5-9CB9-E02CEC1F7D58}.Debug|Any CPU.ActiveCfg = Debug|Any CPU
		{AA0D0CB8-7AF6-4AF5-9CB9-E02CEC1F7D58}.Debug|Any CPU.Build.0 = Debug|Any CPU
		{AA0D0CB8-7AF6-4AF5-9CB9-E02CEC1F7D58}.Debug|iPhone.ActiveCfg = Debug|Any CPU
		{AA0D0CB8-7AF6-4AF5-9CB9-E02CEC1F7D58}.Debug|iPhone.Build.0 = Debug|Any CPU
		{AA0D0CB8-7AF6-4AF5-9CB9-E02CEC1F7D58}.Debug|iPhoneSimulator.ActiveCfg = Debug|Any CPU
		{AA0D0CB8-7AF6-4AF5-9CB9-E02CEC1F7D58}.Debug|iPhoneSimulator.Build.0 = Debug|Any CPU
		{AA0D0CB8-7AF6-4AF5-9CB9-E02CEC1F7D58}.Release|Any CPU.ActiveCfg = Release|Any CPU
		{AA0D0CB8-7AF6-4AF5-9CB9-E02CEC1F7D58}.Release|Any CPU.Build.0 = Release|Any CPU
		{AA0D0CB8-7AF6-4AF5-9CB9-E02CEC1F7D58}.Release|iPhone.ActiveCfg = Release|Any CPU
		{AA0D0CB8-7AF6-4AF5-9CB9-E02CEC1F7D58}.Release|iPhone.Build.0 = Release|Any CPU
		{AA0D0CB8-7AF6-4AF5-9CB9-E02CEC1F7D58}.Release|iPhoneSimulator.ActiveCfg = Release|Any CPU
		{AA0D0CB8-7AF6-4AF5-9CB9-E02CEC1F7D58}.Release|iPhoneSimulator.Build.0 = Release|Any CPU
		{A5F638FA-18D0-4C51-B40A-EE1BA53051DD}.Debug|Any CPU.ActiveCfg = Debug|Any CPU
		{A5F638FA-18D0-4C51-B40A-EE1BA53051DD}.Debug|Any CPU.Build.0 = Debug|Any CPU
		{A5F638FA-18D0-4C51-B40A-EE1BA53051DD}.Debug|iPhone.ActiveCfg = Debug|Any CPU
		{A5F638FA-18D0-4C51-B40A-EE1BA53051DD}.Debug|iPhone.Build.0 = Debug|Any CPU
		{A5F638FA-18D0-4C51-B40A-EE1BA53051DD}.Debug|iPhoneSimulator.ActiveCfg = Debug|Any CPU
		{A5F638FA-18D0-4C51-B40A-EE1BA53051DD}.Debug|iPhoneSimulator.Build.0 = Debug|Any CPU
		{A5F638FA-18D0-4C51-B40A-EE1BA53051DD}.Release|Any CPU.ActiveCfg = Release|Any CPU
		{A5F638FA-18D0-4C51-B40A-EE1BA53051DD}.Release|Any CPU.Build.0 = Release|Any CPU
		{A5F638FA-18D0-4C51-B40A-EE1BA53051DD}.Release|iPhone.ActiveCfg = Release|Any CPU
		{A5F638FA-18D0-4C51-B40A-EE1BA53051DD}.Release|iPhone.Build.0 = Release|Any CPU
		{A5F638FA-18D0-4C51-B40A-EE1BA53051DD}.Release|iPhoneSimulator.ActiveCfg = Release|Any CPU
		{A5F638FA-18D0-4C51-B40A-EE1BA53051DD}.Release|iPhoneSimulator.Build.0 = Release|Any CPU
		{AEFBA758-829E-4F31-9C47-5A1CF23CC3C7}.Debug|Any CPU.ActiveCfg = Debug|Any CPU
		{AEFBA758-829E-4F31-9C47-5A1CF23CC3C7}.Debug|Any CPU.Build.0 = Debug|Any CPU
		{AEFBA758-829E-4F31-9C47-5A1CF23CC3C7}.Debug|iPhone.ActiveCfg = Debug|Any CPU
		{AEFBA758-829E-4F31-9C47-5A1CF23CC3C7}.Debug|iPhone.Build.0 = Debug|Any CPU
		{AEFBA758-829E-4F31-9C47-5A1CF23CC3C7}.Debug|iPhoneSimulator.ActiveCfg = Debug|Any CPU
		{AEFBA758-829E-4F31-9C47-5A1CF23CC3C7}.Debug|iPhoneSimulator.Build.0 = Debug|Any CPU
		{AEFBA758-829E-4F31-9C47-5A1CF23CC3C7}.Release|Any CPU.ActiveCfg = Release|Any CPU
		{AEFBA758-829E-4F31-9C47-5A1CF23CC3C7}.Release|Any CPU.Build.0 = Release|Any CPU
		{AEFBA758-829E-4F31-9C47-5A1CF23CC3C7}.Release|iPhone.ActiveCfg = Release|Any CPU
		{AEFBA758-829E-4F31-9C47-5A1CF23CC3C7}.Release|iPhone.Build.0 = Release|Any CPU
		{AEFBA758-829E-4F31-9C47-5A1CF23CC3C7}.Release|iPhoneSimulator.ActiveCfg = Release|Any CPU
		{AEFBA758-829E-4F31-9C47-5A1CF23CC3C7}.Release|iPhoneSimulator.Build.0 = Release|Any CPU
	EndGlobalSection
	GlobalSection(SolutionProperties) = preSolution
		HideSolutionNode = FALSE
	EndGlobalSection
	GlobalSection(ExtensibilityGlobals) = postSolution
		SolutionGuid = {724F033D-B957-496F-A892-107650472F54}
	EndGlobalSection
EndGlobal
